
Microsoft Visual Studio Solution File, Format Version 12.00
# Visual Studio Version 17
VisualStudioVersion = 17.3.32819.101
MinimumVisualStudioVersion = 10.0.40219.1
Project("{FAE04EC0-301F-11D3-BF4B-00C04F79EFBC}") = "hw_4", "hw_4\hw_4.csproj", "{86EE1B01-8E97-405C-9DD7-831473D37908}"
EndProject
Global
	GlobalSection(SolutionConfigurationPlatforms) = preSolution
		Debug|Any CPU = Debug|Any CPU
		Release|Any CPU = Release|Any CPU
	EndGlobalSection
	GlobalSection(ProjectConfigurationPlatforms) = postSolution
		{86EE1B01-8E97-405C-9DD7-831473D37908}.Debug|Any CPU.ActiveCfg = Debug|Any CPU
		{86EE1B01-8E97-405C-9DD7-831473D37908}.Debug|Any CPU.Build.0 = Debug|Any CPU
		{86EE1B01-8E97-405C-9DD7-831473D37908}.Release|Any CPU.ActiveCfg = Release|Any CPU
		{86EE1B01-8E97-405C-9DD7-831473D37908}.Release|Any CPU.Build.0 = Release|Any CPU
	EndGlobalSection
	GlobalSection(SolutionProperties) = preSolution
		HideSolutionNode = FALSE
	EndGlobalSection
	GlobalSection(ExtensibilityGlobals) = postSolution
		SolutionGuid = {EF8CCE69-5C29-4BA5-AEC1-33DA836EEFA9}
	EndGlobalSection
EndGlobal
